// !$*UTF8*$!
{
	archiveVersion = 1;
	classes = {
	};
	objectVersion = 46;
	objects = {

/* Begin PBXBuildFile section */
		EAFE45511E9F76EB008CDB1F /* ViewController.swift in Sources */ = {isa = PBXBuildFile; fileRef = EAFE45501E9F76EB008CDB1F /* ViewController.swift */; };
		EAFE45561E9F76EC008CDB1F /* Assets.xcassets in Resources */ = {isa = PBXBuildFile; fileRef = EAFE45551E9F76EC008CDB1F /* Assets.xcassets */; };
		EAFE45591E9F76EC008CDB1F /* LaunchScreen.storyboard in Resources */ = {isa = PBXBuildFile; fileRef = EAFE45571E9F76EC008CDB1F /* LaunchScreen.storyboard */; };
		EAFE45641E9F76EC008CDB1F /* demoLogin1Tests.swift in Sources */ = {isa = PBXBuildFile; fileRef = EAFE45631E9F76EC008CDB1F /* demoLogin1Tests.swift */; };
		EAFE457A1E9F78A7008CDB1F /* AppDelegate.swift in Sources */ = {isa = PBXBuildFile; fileRef = EAFE45771E9F78A7008CDB1F /* AppDelegate.swift */; };
		EAFE457B1E9F78A7008CDB1F /* LoginListAccount.swift in Sources */ = {isa = PBXBuildFile; fileRef = EAFE45781E9F78A7008CDB1F /* LoginListAccount.swift */; };
		EAFE457C1E9F78A7008CDB1F /* LoginViewController.swift in Sources */ = {isa = PBXBuildFile; fileRef = EAFE45791E9F78A7008CDB1F /* LoginViewController.swift */; };
		EAFE457E1E9F78B8008CDB1F /* Main.storyboard in Resources */ = {isa = PBXBuildFile; fileRef = EAFE457D1E9F78B8008CDB1F /* Main.storyboard */; };
		EAFE45801EA0AE54008CDB1F /* AlertViewClass.swift in Sources */ = {isa = PBXBuildFile; fileRef = EAFE457F1EA0AE53008CDB1F /* AlertViewClass.swift */; };
/* End PBXBuildFile section */

/* Begin PBXContainerItemProxy section */
		EAFE45601E9F76EC008CDB1F /* PBXContainerItemProxy */ = {
			isa = PBXContainerItemProxy;
			containerPortal = EAFE45431E9F76EB008CDB1F /* Project object */;
			proxyType = 1;
			remoteGlobalIDString = EAFE454A1E9F76EB008CDB1F;
			remoteInfo = demoLogin1;
		};
/* End PBXContainerItemProxy section */

/* Begin PBXFileReference section */
		EAFE454B1E9F76EB008CDB1F /* demoLogin1.app */ = {isa = PBXFileReference; explicitFileType = wrapper.application; includeInIndex = 0; path = demoLogin1.app; sourceTree = BUILT_PRODUCTS_DIR; };
		EAFE45501E9F76EB008CDB1F /* ViewController.swift */ = {isa = PBXFileReference; lastKnownFileType = sourcecode.swift; path = ViewController.swift; sourceTree = "<group>"; };
		EAFE45551E9F76EC008CDB1F /* Assets.xcassets */ = {isa = PBXFileReference; lastKnownFileType = folder.assetcatalog; path = Assets.xcassets; sourceTree = "<group>"; };
		EAFE45581E9F76EC008CDB1F /* Base */ = {isa = PBXFileReference; lastKnownFileType = file.storyboard; name = Base; path = Base.lproj/LaunchScreen.storyboard; sourceTree = "<group>"; };
		EAFE455A1E9F76EC008CDB1F /* Info.plist */ = {isa = PBXFileReference; lastKnownFileType = text.plist.xml; path = Info.plist; sourceTree = "<group>"; };
		EAFE455F1E9F76EC008CDB1F /* demoLogin1Tests.xctest */ = {isa = PBXFileReference; explicitFileType = wrapper.cfbundle; includeInIndex = 0; path = demoLogin1Tests.xctest; sourceTree = BUILT_PRODUCTS_DIR; };
		EAFE45631E9F76EC008CDB1F /* demoLogin1Tests.swift */ = {isa = PBXFileReference; lastKnownFileType = sourcecode.swift; path = demoLogin1Tests.swift; sourceTree = "<group>"; };
		EAFE45651E9F76EC008CDB1F /* Info.plist */ = {isa = PBXFileReference; lastKnownFileType = text.plist.xml; path = Info.plist; sourceTree = "<group>"; };
		EAFE45771E9F78A7008CDB1F /* AppDelegate.swift */ = {isa = PBXFileReference; fileEncoding = 4; lastKnownFileType = sourcecode.swift; path = AppDelegate.swift; sourceTree = "<group>"; };
		EAFE45781E9F78A7008CDB1F /* LoginListAccount.swift */ = {isa = PBXFileReference; fileEncoding = 4; lastKnownFileType = sourcecode.swift; path = LoginListAccount.swift; sourceTree = "<group>"; };
		EAFE45791E9F78A7008CDB1F /* LoginViewController.swift */ = {isa = PBXFileReference; fileEncoding = 4; lastKnownFileType = sourcecode.swift; path = LoginViewController.swift; sourceTree = "<group>"; };
		EAFE457D1E9F78B8008CDB1F /* Main.storyboard */ = {isa = PBXFileReference; fileEncoding = 4; lastKnownFileType = file.storyboard; path = Main.storyboard; sourceTree = "<group>"; };
		EAFE457F1EA0AE53008CDB1F /* AlertViewClass.swift */ = {isa = PBXFileReference; fileEncoding = 4; lastKnownFileType = sourcecode.swift; path = AlertViewClass.swift; sourceTree = "<group>"; };
/* End PBXFileReference section */

/* Begin PBXFrameworksBuildPhase section */
		EAFE45481E9F76EB008CDB1F /* Frameworks */ = {
			isa = PBXFrameworksBuildPhase;
			buildActionMask = 2147483647;
			files = (
			);
			runOnlyForDeploymentPostprocessing = 0;
		};
		EAFE455C1E9F76EC008CDB1F /* Frameworks */ = {
			isa = PBXFrameworksBuildPhase;
			buildActionMask = 2147483647;
			files = (
			);
			runOnlyForDeploymentPostprocessing = 0;
		};
/* End PBXFrameworksBuildPhase section */

/* Begin PBXGroup section */
		EAFE45421E9F76EB008CDB1F = {
			isa = PBXGroup;
			children = (
				EAFE454D1E9F76EB008CDB1F /* demoLogin1 */,
				EAFE45621E9F76EC008CDB1F /* demoLogin1Tests */,
				EAFE454C1E9F76EB008CDB1F /* Products */,
			);
			sourceTree = "<group>";
		};
		EAFE454C1E9F76EB008CDB1F /* Products */ = {
			isa = PBXGroup;
			children = (
				EAFE454B1E9F76EB008CDB1F /* demoLogin1.app */,
				EAFE455F1E9F76EC008CDB1F /* demoLogin1Tests.xctest */,
			);
			name = Products;
			sourceTree = "<group>";
		};
		EAFE454D1E9F76EB008CDB1F /* demoLogin1 */ = {
			isa = PBXGroup;
			children = (
				EAFE45501E9F76EB008CDB1F /* ViewController.swift */,
				EAFE45771E9F78A7008CDB1F /* AppDelegate.swift */,
				EAFE45781E9F78A7008CDB1F /* LoginListAccount.swift */,
				EAFE45791E9F78A7008CDB1F /* LoginViewController.swift */,
				EAFE457F1EA0AE53008CDB1F /* AlertViewClass.swift */,
				EAFE457D1E9F78B8008CDB1F /* Main.storyboard */,
				EAFE45551E9F76EC008CDB1F /* Assets.xcassets */,
				EAFE45571E9F76EC008CDB1F /* LaunchScreen.storyboard */,
				EAFE455A1E9F76EC008CDB1F /* Info.plist */,
			);
			path = demoLogin1;
			sourceTree = "<group>";
		};
		EAFE45621E9F76EC008CDB1F /* demoLogin1Tests */ = {
			isa = PBXGroup;
			children = (
				EAFE45631E9F76EC008CDB1F /* demoLogin1Tests.swift */,
				EAFE45651E9F76EC008CDB1F /* Info.plist */,
			);
			path = demoLogin1Tests;
			sourceTree = "<group>";
		};
/* End PBXGroup section */

/* Begin PBXNativeTarget section */
		EAFE454A1E9F76EB008CDB1F /* demoLogin1 */ = {
			isa = PBXNativeTarget;
			buildConfigurationList = EAFE45681E9F76EC008CDB1F /* Build configuration list for PBXNativeTarget "demoLogin1" */;
			buildPhases = (
				EAFE45471E9F76EB008CDB1F /* Sources */,
				EAFE45481E9F76EB008CDB1F /* Frameworks */,
				EAFE45491E9F76EB008CDB1F /* Resources */,
			);
			buildRules = (
			);
			dependencies = (
			);
			name = demoLogin1;
			productName = demoLogin1;
			productReference = EAFE454B1E9F76EB008CDB1F /* demoLogin1.app */;
			productType = "com.apple.product-type.application";
		};
		EAFE455E1E9F76EC008CDB1F /* demoLogin1Tests */ = {
			isa = PBXNativeTarget;
			buildConfigurationList = EAFE456B1E9F76EC008CDB1F /* Build configuration list for PBXNativeTarget "demoLogin1Tests" */;
			buildPhases = (
				EAFE455B1E9F76EC008CDB1F /* Sources */,
				EAFE455C1E9F76EC008CDB1F /* Frameworks */,
				EAFE455D1E9F76EC008CDB1F /* Resources */,
			);
			buildRules = (
			);
			dependencies = (
				EAFE45611E9F76EC008CDB1F /* PBXTargetDependency */,
			);
			name = demoLogin1Tests;
			productName = demoLogin1Tests;
			productReference = EAFE455F1E9F76EC008CDB1F /* demoLogin1Tests.xctest */;
			productType = "com.apple.product-type.bundle.unit-test";
		};
/* End PBXNativeTarget section */

/* Begin PBXProject section */
		EAFE45431E9F76EB008CDB1F /* Project object */ = {
			isa = PBXProject;
			attributes = {
				LastSwiftUpdateCheck = 0800;
				LastUpgradeCheck = 0800;
				ORGANIZATIONNAME = "Quang Dat";
				TargetAttributes = {
					EAFE454A1E9F76EB008CDB1F = {
						CreatedOnToolsVersion = 8.0;
						ProvisioningStyle = Automatic;
					};
					EAFE455E1E9F76EC008CDB1F = {
						CreatedOnToolsVersion = 8.0;
						ProvisioningStyle = Automatic;
						TestTargetID = EAFE454A1E9F76EB008CDB1F;
					};
				};
			};
			buildConfigurationList = EAFE45461E9F76EB008CDB1F /* Build configuration list for PBXProject "demoLogin1" */;
			compatibilityVersion = "Xcode 3.2";
			developmentRegion = English;
			hasScannedForEncodings = 0;
			knownRegions = (
				en,
				Base,
			);
			mainGroup = EAFE45421E9F76EB008CDB1F;
			productRefGroup = EAFE454C1E9F76EB008CDB1F /* Products */;
			projectDirPath = "";
			projectRoot = "";
			targets = (
				EAFE454A1E9F76EB008CDB1F /* demoLogin1 */,
				EAFE455E1E9F76EC008CDB1F /* demoLogin1Tests */,
			);
		};
/* End PBXProject section */

/* Begin PBXResourcesBuildPhase section */
		EAFE45491E9F76EB008CDB1F /* Resources */ = {
			isa = PBXResourcesBuildPhase;
			buildActionMask = 2147483647;
			files = (
				EAFE457E1E9F78B8008CDB1F /* Main.storyboard in Resources */,
				EAFE45591E9F76EC008CDB1F /* LaunchScreen.storyboard in Resources */,
				EAFE45561E9F76EC008CDB1F /* Assets.xcassets in Resources */,
			);
			runOnlyForDeploymentPostprocessing = 0;
		};
		EAFE455D1E9F76EC008CDB1F /* Resources */ = {
			isa = PBXResourcesBuildPhase;
			buildActionMask = 2147483647;
			files = (
			);
			runOnlyForDeploymentPostprocessing = 0;
		};
/* End PBXResourcesBuildPhase section */

/* Begin PBXSourcesBuildPhase section */
		EAFE45471E9F76EB008CDB1F /* Sources */ = {
			isa = PBXSourcesBuildPhase;
			buildActionMask = 2147483647;
			files = (
				EAFE457C1E9F78A7008CDB1F /* LoginViewController.swift in Sources */,
				EAFE457B1E9F78A7008CDB1F /* LoginListAccount.swift in Sources */,
				EAFE457A1E9F78A7008CDB1F /* AppDelegate.swift in Sources */,
				EAFE45801EA0AE54008CDB1F /* AlertViewClass.swift in Sources */,
				EAFE45511E9F76EB008CDB1F /* ViewController.swift in Sources */,
			);
			runOnlyForDeploymentPostprocessing = 0;
		};
		EAFE455B1E9F76EC008CDB1F /* Sources */ = {
			isa = PBXSourcesBuildPhase;
			buildActionMask = 2147483647;
			files = (
				EAFE45641E9F76EC008CDB1F /* demoLogin1Tests.swift in Sources */,
			);
			runOnlyForDeploymentPostprocessing = 0;
		};
/* End PBXSourcesBuildPhase section */

/* Begin PBXTargetDependency section */
		EAFE45611E9F76EC008CDB1F /* PBXTargetDependency */ = {
			isa = PBXTargetDependency;
			target = EAFE454A1E9F76EB008CDB1F /* demoLogin1 */;
			targetProxy = EAFE45601E9F76EC008CDB1F /* PBXContainerItemProxy */;
		};
/* End PBXTargetDependency section */

/* Begin PBXVariantGroup section */
		EAFE45571E9F76EC008CDB1F /* LaunchScreen.storyboard */ = {
			isa = PBXVariantGroup;
			children = (
				EAFE45581E9F76EC008CDB1F /* Base */,
			);
			name = LaunchScreen.storyboard;
			sourceTree = "<group>";
		};
/* End PBXVariantGroup section */

/* Begin XCBuildConfiguration section */
		EAFE45661E9F76EC008CDB1F /* Debug */ = {
			isa = XCBuildConfiguration;
			buildSettings = {
				ALWAYS_SEARCH_USER_PATHS = NO;
				CLANG_ANALYZER_NONNULL = YES;
				CLANG_CXX_LANGUAGE_STANDARD = "gnu++0x";
				CLANG_CXX_LIBRARY = "libc++";
				CLANG_ENABLE_MODULES = YES;
				CLANG_ENABLE_OBJC_ARC = YES;
				CLANG_WARN_BOOL_CONVERSION = YES;
				CLANG_WARN_CONSTANT_CONVERSION = YES;
				CLANG_WARN_DIRECT_OBJC_ISA_USAGE = YES_ERROR;
				CLANG_WARN_DOCUMENTATION_COMMENTS = YES;
				CLANG_WARN_EMPTY_BODY = YES;
				CLANG_WARN_ENUM_CONVERSION = YES;
				CLANG_WARN_INFINITE_RECURSION = YES;
				CLANG_WARN_INT_CONVERSION = YES;
				CLANG_WARN_OBJC_ROOT_CLASS = YES_ERROR;
				CLANG_WARN_SUSPICIOUS_MOVES = YES;
				CLANG_WARN_UNREACHABLE_CODE = YES;
				CLANG_WARN__DUPLICATE_METHOD_MATCH = YES;
				"CODE_SIGN_IDENTITY[sdk=iphoneos*]" = "iPhone Developer";
				COPY_PHASE_STRIP = NO;
				DEBUG_INFORMATION_FORMAT = dwarf;
				ENABLE_STRICT_OBJC_MSGSEND = YES;
				ENABLE_TESTABILITY = YES;
				GCC_C_LANGUAGE_STANDARD = gnu99;
				GCC_DYNAMIC_NO_PIC = NO;
				GCC_NO_COMMON_BLOCKS = YES;
				GCC_OPTIMIZATION_LEVEL = 0;
				GCC_PREPROCESSOR_DEFINITIONS = (
					"DEBUG=1",
					"$(inherited)",
				);
				GCC_WARN_64_TO_32_BIT_CONVERSION = YES;
				GCC_WARN_ABOUT_RETURN_TYPE = YES_ERROR;
				GCC_WARN_UNDECLARED_SELECTOR = YES;
				GCC_WARN_UNINITIALIZED_AUTOS = YES_AGGRESSIVE;
				GCC_WARN_UNUSED_FUNCTION = YES;
				GCC_WARN_UNUSED_VARIABLE = YES;
				IPHONEOS_DEPLOYMENT_TARGET = 10.0;
				MTL_ENABLE_DEBUG_INFO = YES;
				ONLY_ACTIVE_ARCH = YES;
				SDKROOT = iphoneos;
				SWIFT_ACTIVE_COMPILATION_CONDITIONS = DEBUG;
				SWIFT_OPTIMIZATION_LEVEL = "-Onone";
				TARGETED_DEVICE_FAMILY = "1,2";
			};
			name = Debug;
		};
		EAFE45671E9F76EC008CDB1F /* Release */ = {
			isa = XCBuildConfiguration;
			buildSettings = {
				ALWAYS_SEARCH_USER_PATHS = NO;
				CLANG_ANALYZER_NONNULL = YES;
				CLANG_CXX_LANGUAGE_STANDARD = "gnu++0x";
				CLANG_CXX_LIBRARY = "libc++";
				CLANG_ENABLE_MODULES = YES;
				CLANG_ENABLE_OBJC_ARC = YES;
				CLANG_WARN_BOOL_CONVERSION = YES;
				CLANG_WARN_CONSTANT_CONVERSION = YES;
				CLANG_WARN_DIRECT_OBJC_ISA_USAGE = YES_ERROR;
				CLANG_WARN_DOCUMENTATION_COMMENTS = YES;
				CLANG_WARN_EMPTY_BODY = YES;
				CLANG_WARN_ENUM_CONVERSION = YES;
				CLANG_WARN_INFINITE_RECURSION = YES;
				CLANG_WARN_INT_CONVERSION = YES;
				CLANG_WARN_OBJC_ROOT_CLASS = YES_ERROR;
				CLANG_WARN_SUSPICIOUS_MOVES = YES;
				CLANG_WARN_UNREACHABLE_CODE = YES;
				CLANG_WARN__DUPLICATE_METHOD_MATCH = YES;
				"CODE_SIGN_IDENTITY[sdk=iphoneos*]" = "iPhone Developer";
				COPY_PHASE_STRIP = NO;
				DEBUG_INFORMATION_FORMAT = "dwarf-with-dsym";
				ENABLE_NS_ASSERTIONS = NO;
				ENABLE_STRICT_OBJC_MSGSEND = YES;
				GCC_C_LANGUAGE_STANDARD = gnu99;
				GCC_NO_COMMON_BLOCKS = YES;
				GCC_WARN_64_TO_32_BIT_CONVERSION = YES;
				GCC_WARN_ABOUT_RETURN_TYPE = YES_ERROR;
				GCC_WARN_UNDECLARED_SELECTOR = YES;
				GCC_WARN_UNINITIALIZED_AUTOS = YES_AGGRESSIVE;
				GCC_WARN_UNUSED_FUNCTION = YES;
				GCC_WARN_UNUSED_VARIABLE = YES;
				IPHONEOS_DEPLOYMENT_TARGET = 10.0;
				MTL_ENABLE_DEBUG_INFO = NO;
				SDKROOT = iphoneos;
				SWIFT_OPTIMIZATION_LEVEL = "-Owholemodule";
				TARGETED_DEVICE_FAMILY = "1,2";
				VALIDATE_PRODUCT = YES;
			};
			name = Release;
		};
		EAFE45691E9F76EC008CDB1F /* Debug */ = {
			isa = XCBuildConfiguration;
			buildSettings = {
				ASSETCATALOG_COMPILER_APPICON_NAME = AppIcon;
				INFOPLIST_FILE = demoLogin1/Info.plist;
				LD_RUNPATH_SEARCH_PATHS = "$(inherited) @executable_path/Frameworks";
				PRODUCT_BUNDLE_IDENTIFIER = QTD.demoLogin1;
				PRODUCT_NAME = "$(TARGET_NAME)";
				SWIFT_VERSION = 3.0;
			};
			name = Debug;
		};
		EAFE456A1E9F76EC008CDB1F /* Release */ = {
			isa = XCBuildConfiguration;
			buildSettings = {
				ASSETCATALOG_COMPILER_APPICON_NAME = AppIcon;
				INFOPLIST_FILE = demoLogin1/Info.plist;
				LD_RUNPATH_SEARCH_PATHS = "$(inherited) @executable_path/Frameworks";
				PRODUCT_BUNDLE_IDENTIFIER = QTD.demoLogin1;
				PRODUCT_NAME = "$(TARGET_NAME)";
				SWIFT_VERSION = 3.0;
			};
			name = Release;
		};
		EAFE456C1E9F76EC008CDB1F /* Debug */ = {
			isa = XCBuildConfiguration;
			buildSettings = {
				ALWAYS_EMBED_SWIFT_STANDARD_LIBRARIES = YES;
				BUNDLE_LOADER = "$(TEST_HOST)";
				INFOPLIST_FILE = demoLogin1Tests/Info.plist;
				LD_RUNPATH_SEARCH_PATHS = "$(inherited) @executable_path/Frameworks @loader_path/Frameworks";
				PRODUCT_BUNDLE_IDENTIFIER = QTD.demoLogin1Tests;
				PRODUCT_NAME = "$(TARGET_NAME)";
				SWIFT_VERSION = 3.0;
				TEST_HOST = "$(BUILT_PRODUCTS_DIR)/demoLogin1.app/demoLogin1";
			};
			name = Debug;
		};
		EAFE456D1E9F76EC008CDB1F /* Release */ = {
			isa = XCBuildConfiguration;
			buildSettings = {
				ALWAYS_EMBED_SWIFT_STANDARD_LIBRARIES = YES;
				BUNDLE_LOADER = "$(TEST_HOST)";
				INFOPLIST_FILE = demoLogin1Tests/Info.plist;
				LD_RUNPATH_SEARCH_PATHS = "$(inherited) @executable_path/Frameworks @loader_path/Frameworks";
				PRODUCT_BUNDLE_IDENTIFIER = QTD.demoLogin1Tests;
				PRODUCT_NAME = "$(TARGET_NAME)";
				SWIFT_VERSION = 3.0;
				TEST_HOST = "$(BUILT_PRODUCTS_DIR)/demoLogin1.app/demoLogin1";
			};
			name = Release;
		};
/* End XCBuildConfiguration section */

/* Begin XCConfigurationList section */
		EAFE45461E9F76EB008CDB1F /* Build configuration list for PBXProject "demoLogin1" */ = {
			isa = XCConfigurationList;
			buildConfigurations = (
				EAFE45661E9F76EC008CDB1F /* Debug */,
				EAFE45671E9F76EC008CDB1F /* Release */,
			);
			defaultConfigurationIsVisible = 0;
			defaultConfigurationName = Release;
		};
		EAFE45681E9F76EC008CDB1F /* Build configuration list for PBXNativeTarget "demoLogin1" */ = {
			isa = XCConfigurationList;
			buildConfigurations = (
				EAFE45691E9F76EC008CDB1F /* Debug */,
				EAFE456A1E9F76EC008CDB1F /* Release */,
			);
			defaultConfigurationIsVisible = 0;
			defaultConfigurationName = Release;
		};
		EAFE456B1E9F76EC008CDB1F /* Build configuration list for PBXNativeTarget "demoLogin1Tests" */ = {
			isa = XCConfigurationList;
			buildConfigurations = (
				EAFE456C1E9F76EC008CDB1F /* Debug */,
				EAFE456D1E9F76EC008CDB1F /* Release */,
			);
			defaultConfigurationIsVisible = 0;
			defaultConfigurationName = Release;
		};
/* End XCConfigurationList section */
	};
	rootObject = EAFE45431E9F76EB008CDB1F /* Project object */;
}
